# service|size_bytes|sha256
gateway-evidence-ingest|18179015|a5de435343ee57b8725608e11cf356249a921d208cc041f5c59686f554bc3bf2
gateway-mqtt-evidence-collector|18552641|3d31d2b501fccf1bc5472708f2eb858eafd3efa7c6d0e66309d12937658aa0b5
gateway-evidence-verifier|17814443|69095c14a65e281b2574efcf968b2e77c260d66ed59396afa7bb31a3b922ab3a
gateway-fabric-adapter|25527785|ac2180e96e31a8e66ea8a5a3ef41c51c458865f550b3ef94159f4bbc5c256afd
